
Microsoft Visual Studio Solution File, Format Version 12.00
# Visual Studio 15
VisualStudioVersion = 15.0.27004.2006
MinimumVisualStudioVersion = 10.0.40219.1
Project("{8BC9CEB8-8B4A-11D0-8D11-00A0C91BC942}") = "tank_trouble", "tank_trouble\tank_trouble.vcxproj", "{19304B6F-DEC3-4849-AC55-9D6AA9A61EFA}"
EndProject
Global
	GlobalSection(SolutionConfigurationPlatforms) = preSolution
		Debug|x64 = Debug|x64
		Debug|x86 = Debug|x86
		Release|x64 = Release|x64
		Release|x86 = Release|x86
	EndGlobalSection
	GlobalSection(ProjectConfigurationPlatforms) = postSolution
		{19304B6F-DEC3-4849-AC55-9D6AA9A61EFA}.Debug|x64.ActiveCfg = Debug|x64
		{19304B6F-DEC3-4849-AC55-9D6AA9A61EFA}.Debug|x64.Build.0 = Debug|x64
		{19304B6F-DEC3-4849-AC55-9D6AA9A61EFA}.Debug|x86.ActiveCfg = Debug|Win32
		{19304B6F-DEC3-4849-AC55-9D6AA9A61EFA}.Debug|x86.Build.0 = Debug|Win32
		{19304B6F-DEC3-4849-AC55-9D6AA9A61EFA}.Release|x64.ActiveCfg = Release|x64
		{19304B6F-DEC3-4849-AC55-9D6AA9A61EFA}.Release|x64.Build.0 = Release|x64
		{19304B6F-DEC3-4849-AC55-9D6AA9A61EFA}.Release|x86.ActiveCfg = Release|Win32
		{19304B6F-DEC3-4849-AC55-9D6AA9A61EFA}.Release|x86.Build.0 = Release|Win32
	EndGlobalSection
	GlobalSection(SolutionProperties) = preSolution
		HideSolutionNode = FALSE
	EndGlobalSection
	GlobalSection(ExtensibilityGlobals) = postSolution
		SolutionGuid = {BB963AB5-586A-4ABF-BBA5-137D64C63439}
	EndGlobalSection
EndGlobal
